# This file was autogenerated by Stack.
# You should not edit this file by hand.
# For more information, please see the documentation at:
#   https://docs.haskellstack.org/en/stable/lock_files

packages:
- completed:
    hackage: with-utf8-1.0.0.0@sha256:686e47588986d8080451b4e617118b579487dd4e085bba7bb36fac4198c90ae6,2480
    pantry-tree:
      size: 905
      sha256: 39176872f0dde9f9e09c9cb9496e2b7b10fa17cb9a6eca8d40ca4b2dcaaacc11
  original:
    hackage: with-utf8-1.0.0.0@sha256:686e47588986d8080451b4e617118b579487dd4e085bba7bb36fac4198c90ae6,2480
snapshots:
- completed:
    size: 491372
    url: https://raw.githubusercontent.com/commercialhaskell/stackage-snapshots/master/lts/15/5.yaml
    sha256: 1b549cfff328040c382a70a84a2087aac8dab6d778bf92f32a93a771a1980dfc
  original: lts-15.5
