# This file was autogenerated by Stack.
# You should not edit this file by hand.
# For more information, please see the documentation at:
#   https://docs.haskellstack.org/en/stable/lock_files

packages:
- completed:
    hackage: with-utf8-1.0.0.0@sha256:686e47588986d8080451b4e617118b579487dd4e085bba7bb36fac4198c90ae6,2480
    pantry-tree:
      size: 905
      sha256: 39176872f0dde9f9e09c9cb9496e2b7b10fa17cb9a6eca8d40ca4b2dcaaacc11
  original:
    hackage: with-utf8-1.0.0.0@sha256:686e47588986d8080451b4e617118b579487dd4e085bba7bb36fac4198c90ae6,2480
- completed:
    hackage: hoist-error-0.2.1.0@sha256:8c7e14b453bb913bcaefc103793978237d24bdb1af0e0419c5ad846d6bd400bd,1216
    pantry-tree:
      size: 281
      sha256: ded2c62f18e8c3f65ecf6986151db296832830e690994c6115ab608f1d36f720
  original:
    hackage: hoist-error-0.2.1.0@sha256:8c7e14b453bb913bcaefc103793978237d24bdb1af0e0419c5ad846d6bd400bd,1216
- completed:
    hackage: haskeline-0.8.0.0@sha256:0630452b759a5b40e0e3e7ca2ef4b0d55d5161d95e8d7b0dd3cf55888971437f,5440
    pantry-tree:
      size: 3013
      sha256: 235d9b78cb87e21651fd36421c30ff4e0638e463fac7ec8b70887db06c3ff88f
  original:
    hackage: haskeline-0.8.0.0
- completed:
    hackage: RepLib-0.5.4.1@sha256:f1d0765fbdc55c0905b3b70f1953a440cb8d04b65b3ccd6f067ee0f082f6fa0d,1953
    pantry-tree:
      size: 995
      sha256: a343349797e41e579eedab5d01fe01cbbb3f7963eb5e2c2c58ca6bac5a34c9ce
  original:
    hackage: RepLib-0.5.4.1@sha256:f1d0765fbdc55c0905b3b70f1953a440cb8d04b65b3ccd6f067ee0f082f6fa0d,1953
- completed:
    hackage: repline-0.3.0.0@sha256:505265acd1e8c53de9eb8aebe096e6f734316aa4e7a3434e1a49e914cec78cdd,2101
    pantry-tree:
      size: 501
      sha256: 8f2256094d0bf3b0bd51ac05a15cdb4ffe25d5ea30740ea26a3d5814c4d4e07e
  original:
    hackage: repline-0.3.0.0
- completed:
    hackage: unbound-0.5.1.1@sha256:13bc46f324b63061db1189e45c00e0d332fa0371c95077c4e474d3b94b7dd01d,3248
    pantry-tree:
      size: 2485
      sha256: 033d22514d9e56ea66056456d84a410ccf7f552deb7ee4cda69af111b234819d
  original:
    hackage: unbound-0.5.1.1@sha256:13bc46f324b63061db1189e45c00e0d332fa0371c95077c4e474d3b94b7dd01d,3248
snapshots:
- completed:
    size: 492015
    url: https://raw.githubusercontent.com/commercialhaskell/stackage-snapshots/master/lts/15/8.yaml
    sha256: 926bc3d70249dd0ba05277ff00943c0addb35b627cb641752669e7cf771310d0
  original: lts-15.8
